
Microsoft Visual Studio Solution File, Format Version 12.00
# Visual Studio Version 17
VisualStudioVersion = 17.4.33103.184
MinimumVisualStudioVersion = 10.0.40219.1
Project("{9A19103F-16F7-4668-BE54-9A1E7A4F7556}") = "CNTYv2.Module", "CNTYv2.Module\CNTYv2.Module.csproj", "{94EFDC47-B841-4ECE-AA12-F55258FA70BE}"
EndProject
Project("{9A19103F-16F7-4668-BE54-9A1E7A4F7556}") = "CNTYv2.Blazor.Server", "CNTYv2.Blazor.Server\CNTYv2.Blazor.Server.csproj", "{6F13ACD1-8173-491C-BABA-4C7BBE7D3074}"
EndProject
Project("{9A19103F-16F7-4668-BE54-9A1E7A4F7556}") = "API.WebApi", "API.WebApi\API.WebApi.csproj", "{3B12CAB5-ED32-46A3-8127-B933ECA1B768}"
EndProject
Global
	GlobalSection(SolutionConfigurationPlatforms) = preSolution
		Debug|Any CPU = Debug|Any CPU
		EasyTest|Any CPU = EasyTest|Any CPU
		Release|Any CPU = Release|Any CPU
	EndGlobalSection
	GlobalSection(ProjectConfigurationPlatforms) = postSolution
		{94EFDC47-B841-4ECE-AA12-F55258FA70BE}.Debug|Any CPU.ActiveCfg = Debug|Any CPU
		{94EFDC47-B841-4ECE-AA12-F55258FA70BE}.Debug|Any CPU.Build.0 = Debug|Any CPU
		{94EFDC47-B841-4ECE-AA12-F55258FA70BE}.EasyTest|Any CPU.ActiveCfg = EasyTest|Any CPU
		{94EFDC47-B841-4ECE-AA12-F55258FA70BE}.EasyTest|Any CPU.Build.0 = EasyTest|Any CPU
		{94EFDC47-B841-4ECE-AA12-F55258FA70BE}.Release|Any CPU.ActiveCfg = Release|Any CPU
		{94EFDC47-B841-4ECE-AA12-F55258FA70BE}.Release|Any CPU.Build.0 = Release|Any CPU
		{6F13ACD1-8173-491C-BABA-4C7BBE7D3074}.Debug|Any CPU.ActiveCfg = Debug|Any CPU
		{6F13ACD1-8173-491C-BABA-4C7BBE7D3074}.Debug|Any CPU.Build.0 = Debug|Any CPU
		{6F13ACD1-8173-491C-BABA-4C7BBE7D3074}.EasyTest|Any CPU.ActiveCfg = EasyTest|Any CPU
		{6F13ACD1-8173-491C-BABA-4C7BBE7D3074}.EasyTest|Any CPU.Build.0 = EasyTest|Any CPU
		{6F13ACD1-8173-491C-BABA-4C7BBE7D3074}.Release|Any CPU.ActiveCfg = Release|Any CPU
		{6F13ACD1-8173-491C-BABA-4C7BBE7D3074}.Release|Any CPU.Build.0 = Release|Any CPU
		{3B12CAB5-ED32-46A3-8127-B933ECA1B768}.Debug|Any CPU.ActiveCfg = Debug|Any CPU
		{3B12CAB5-ED32-46A3-8127-B933ECA1B768}.Debug|Any CPU.Build.0 = Debug|Any CPU
		{3B12CAB5-ED32-46A3-8127-B933ECA1B768}.EasyTest|Any CPU.ActiveCfg = EasyTest|Any CPU
		{3B12CAB5-ED32-46A3-8127-B933ECA1B768}.EasyTest|Any CPU.Build.0 = EasyTest|Any CPU
		{3B12CAB5-ED32-46A3-8127-B933ECA1B768}.Release|Any CPU.ActiveCfg = Release|Any CPU
		{3B12CAB5-ED32-46A3-8127-B933ECA1B768}.Release|Any CPU.Build.0 = Release|Any CPU
	EndGlobalSection
	GlobalSection(SolutionProperties) = preSolution
		HideSolutionNode = FALSE
	EndGlobalSection
	GlobalSection(ExtensibilityGlobals) = postSolution
		SolutionGuid = {DAA7719F-1679-48C6-8714-04DA771488F7}
	EndGlobalSection
EndGlobal
